{
  "name": "link_extension",
  "lockfileVersion": 3,
  "requires": true,
  "packages": {
    "": {
      "dependencies": {
        "webext-options-sync": "^4.2.1"
      }
    },
    "node_modules/dom-form-serializer": {
      "version": "2.0.0",
      "resolved": "https://registry.npmjs.org/dom-form-serializer/-/dom-form-serializer-2.0.0.tgz",
      "integrity": "sha512-HMrrc7gJIBj6sWmnJcO9DLZj8AsdFP60+pZSu0vMJxZhEP3GPfsNE9X1GC95nXZ0SZbS8FYDb/NHW/NArSmu0Q=="
    },
    "node_modules/lz-string": {
      "version": "1.5.0",
      "resolved": "https://registry.npmjs.org/lz-string/-/lz-string-1.5.0.tgz",
      "integrity": "sha512-h5bgJWpxJNswbU7qCrV0tIKQCaS3blPDrqKWx+QxzuzL1zGUzij9XCWLrSLsJPu5t+eWA/ycetzYAO5IOMcWAQ==",
      "bin": {
        "lz-string": "bin/bin.js"
      }
    },
    "node_modules/throttle-debounce": {
      "version": "5.0.0",
      "resolved": "https://registry.npmjs.org/throttle-debounce/-/throttle-debounce-5.0.0.tgz",
      "integrity": "sha512-2iQTSgkkc1Zyk0MeVrt/3BvuOXYPl/R8Z0U2xxo9rjwNciaHDG3R+Lm6dh4EeUci49DanvBnuqI6jshoQQRGEg==",
      "engines": {
        "node": ">=12.22"
      }
    },
    "node_modules/webext-detect-page": {
      "version": "4.2.1",
      "resolved": "https://registry.npmjs.org/webext-detect-page/-/webext-detect-page-4.2.1.tgz",
      "integrity": "sha512-saiMkdwrjR5WIoW+clqFCZiGLqbe5Bp3udnPpsaFj6gL3uYTYhpkSjc7givG6gwE3g0oXLPIKOhhP52MrHdK+w=="
    },
    "node_modules/webext-events": {
      "version": "2.3.0",
      "resolved": "https://registry.npmjs.org/webext-events/-/webext-events-2.3.0.tgz",
      "integrity": "sha512-3irAy/AUT7cxjH1KQ6ari9Dv5wkVbjMpF5Rid1hk7/3lm7ebQYvO4PoF3LwnJAhFjhVPO7jwJy5DcgHXjdmvNA==",
      "dependencies": {
        "webext-detect-page": "^5.0.1"
      },
      "engines": {
        "node": ">=18"
      },
      "funding": {
        "url": "https://github.com/sponsors/fregante"
      }
    },
    "node_modules/webext-events/node_modules/webext-detect-page": {
      "version": "5.0.1",
      "resolved": "https://registry.npmjs.org/webext-detect-page/-/webext-detect-page-5.0.1.tgz",
      "integrity": "sha512-HizogkTmviA5qA1yODwewzz4ETSc+N9bYrK6pEVIAP2kAG139Sg+3DOJixRnFYl2gFVZn4PBReDZhgmFOEVbeg==",
      "engines": {
        "node": ">=18"
      },
      "funding": {
        "url": "https://github.com/sponsors/fregante"
      }
    },
    "node_modules/webext-options-sync": {
      "version": "4.2.1",
      "resolved": "https://registry.npmjs.org/webext-options-sync/-/webext-options-sync-4.2.1.tgz",
      "integrity": "sha512-d6aUkTuemyFSymCnTO0tbzgS3pUQ1SV07HHlYGXBNdBay1NP67ocG+fn5RWgqCpFqhIKAfd7vND3yhBE1kjmKw==",
      "dependencies": {
        "dom-form-serializer": "^2.0.0",
        "lz-string": "^1.5.0",
        "throttle-debounce": "^5.0.0",
        "webext-detect-page": "^4.1.1",
        "webext-events": "^2.0.0",
        "webext-polyfill-kinda": "^1.0.2"
      },
      "engines": {
        "node": ">=18"
      },
      "funding": {
        "url": "https://github.com/sponsors/fregante"
      }
    },
    "node_modules/webext-polyfill-kinda": {
      "version": "1.0.2",
      "resolved": "https://registry.npmjs.org/webext-polyfill-kinda/-/webext-polyfill-kinda-1.0.2.tgz",
      "integrity": "sha512-rqQUKeBTOicej0tjDJWDQlOTnDcm9yYJTzgI+7rMdyYV4QHmYMRm+yjkcVgECkg/Wu9MboZ4lYeBPdp1Ep9WgQ==",
      "funding": {
        "url": "https://github.com/sponsors/fregante"
      }
    }
  }
}
